
Microsoft Visual Studio Solution File, Format Version 12.00
# Visual Studio 15
VisualStudioVersion = 15.0.26730.16
MinimumVisualStudioVersion = 10.0.40219.1
Project("{FAE04EC0-301F-11D3-BF4B-00C04F79EFBC}") = "QuickCalendarWidget", "QuickCalendar\QuickCalendarWidget.csproj", "{899D00A0-11C1-4CB7-97EF-53254D693486}"
EndProject
Global
	GlobalSection(SolutionConfigurationPlatforms) = preSolution
		Debug|Any CPU = Debug|Any CPU
		Release|Any CPU = Release|Any CPU
	EndGlobalSection
	GlobalSection(ProjectConfigurationPlatforms) = postSolution
		{899D00A0-11C1-4CB7-97EF-53254D693486}.Debug|Any CPU.ActiveCfg = Debug|Any CPU
		{899D00A0-11C1-4CB7-97EF-53254D693486}.Debug|Any CPU.Build.0 = Debug|Any CPU
		{899D00A0-11C1-4CB7-97EF-53254D693486}.Release|Any CPU.ActiveCfg = Release|Any CPU
		{899D00A0-11C1-4CB7-97EF-53254D693486}.Release|Any CPU.Build.0 = Release|Any CPU
	EndGlobalSection
	GlobalSection(SolutionProperties) = preSolution
		HideSolutionNode = FALSE
	EndGlobalSection
	GlobalSection(ExtensibilityGlobals) = postSolution
		SolutionGuid = {A0B9C646-354E-4815-B35C-087105874A11}
	EndGlobalSection
EndGlobal
